
Microsoft Visual Studio Solution File, Format Version 12.00
# Visual Studio 15
Project("{FAE04EC0-301F-11D3-BF4B-00C04F79EFBC}") = "UniRx", "UniRx.csproj", "{F43B1632-338F-6CA2-CE79-DEA9366F6AC7}"
EndProject
Project("{FAE04EC0-301F-11D3-BF4B-00C04F79EFBC}") = "UniRx.Async", "UniRx.Async.csproj", "{23CFA8A9-E6DA-A0B4-8430-97C5703876A9}"
EndProject
Project("{FAE04EC0-301F-11D3-BF4B-00C04F79EFBC}") = "Assembly-CSharp", "Assembly-CSharp.csproj", "{7115511A-3DA5-9459-A2B3-558D0EBE7B1C}"
EndProject
Project("{FAE04EC0-301F-11D3-BF4B-00C04F79EFBC}") = "UniRx.Examples", "UniRx.Examples.csproj", "{F7EC51B4-FC87-6312-9A0C-FF6AEE8ED305}"
EndProject
Project("{FAE04EC0-301F-11D3-BF4B-00C04F79EFBC}") = "UniRx.Async.Editor", "UniRx.Async.Editor.csproj", "{B5CBF3FA-6F4A-5DB3-30E2-39ABE75303FB}"
EndProject
Global
	GlobalSection(SolutionConfigurationPlatforms) = preSolution
		Debug|Any CPU = Debug|Any CPU
		Release|Any CPU = Release|Any CPU
	EndGlobalSection
	GlobalSection(ProjectConfigurationPlatforms) = postSolution
		{F43B1632-338F-6CA2-CE79-DEA9366F6AC7}.Debug|Any CPU.ActiveCfg = Debug|Any CPU
		{F43B1632-338F-6CA2-CE79-DEA9366F6AC7}.Debug|Any CPU.Build.0 = Debug|Any CPU
		{F43B1632-338F-6CA2-CE79-DEA9366F6AC7}.Release|Any CPU.ActiveCfg = Release|Any CPU
		{F43B1632-338F-6CA2-CE79-DEA9366F6AC7}.Release|Any CPU.Build.0 = Release|Any CPU
		{23CFA8A9-E6DA-A0B4-8430-97C5703876A9}.Debug|Any CPU.ActiveCfg = Debug|Any CPU
		{23CFA8A9-E6DA-A0B4-8430-97C5703876A9}.Debug|Any CPU.Build.0 = Debug|Any CPU
		{23CFA8A9-E6DA-A0B4-8430-97C5703876A9}.Release|Any CPU.ActiveCfg = Release|Any CPU
		{23CFA8A9-E6DA-A0B4-8430-97C5703876A9}.Release|Any CPU.Build.0 = Release|Any CPU
		{7115511A-3DA5-9459-A2B3-558D0EBE7B1C}.Debug|Any CPU.ActiveCfg = Debug|Any CPU
		{7115511A-3DA5-9459-A2B3-558D0EBE7B1C}.Debug|Any CPU.Build.0 = Debug|Any CPU
		{7115511A-3DA5-9459-A2B3-558D0EBE7B1C}.Release|Any CPU.ActiveCfg = Release|Any CPU
		{7115511A-3DA5-9459-A2B3-558D0EBE7B1C}.Release|Any CPU.Build.0 = Release|Any CPU
		{F7EC51B4-FC87-6312-9A0C-FF6AEE8ED305}.Debug|Any CPU.ActiveCfg = Debug|Any CPU
		{F7EC51B4-FC87-6312-9A0C-FF6AEE8ED305}.Debug|Any CPU.Build.0 = Debug|Any CPU
		{F7EC51B4-FC87-6312-9A0C-FF6AEE8ED305}.Release|Any CPU.ActiveCfg = Release|Any CPU
		{F7EC51B4-FC87-6312-9A0C-FF6AEE8ED305}.Release|Any CPU.Build.0 = Release|Any CPU
		{B5CBF3FA-6F4A-5DB3-30E2-39ABE75303FB}.Debug|Any CPU.ActiveCfg = Debug|Any CPU
		{B5CBF3FA-6F4A-5DB3-30E2-39ABE75303FB}.Debug|Any CPU.Build.0 = Debug|Any CPU
		{B5CBF3FA-6F4A-5DB3-30E2-39ABE75303FB}.Release|Any CPU.ActiveCfg = Release|Any CPU
		{B5CBF3FA-6F4A-5DB3-30E2-39ABE75303FB}.Release|Any CPU.Build.0 = Release|Any CPU
	EndGlobalSection
	GlobalSection(SolutionProperties) = preSolution
		HideSolutionNode = FALSE
	EndGlobalSection
EndGlobal
